
Microsoft Visual Studio Solution File, Format Version 12.00
# Visual Studio Version 17
VisualStudioVersion = 17.11.35312.102
MinimumVisualStudioVersion = 10.0.40219.1
Project("{FAE04EC0-301F-11D3-BF4B-00C04F79EFBC}") = "ExcelToSqlApp2", "ExcelToSqlApp2\ExcelToSqlApp2.csproj", "{B12929B4-AE6B-453A-AC55-0E0434709755}"
EndProject
Global
	GlobalSection(SolutionConfigurationPlatforms) = preSolution
		Debug|Any CPU = Debug|Any CPU
		Release|Any CPU = Release|Any CPU
	EndGlobalSection
	GlobalSection(ProjectConfigurationPlatforms) = postSolution
		{B12929B4-AE6B-453A-AC55-0E0434709755}.Debug|Any CPU.ActiveCfg = Debug|Any CPU
		{B12929B4-AE6B-453A-AC55-0E0434709755}.Debug|Any CPU.Build.0 = Debug|Any CPU
		{B12929B4-AE6B-453A-AC55-0E0434709755}.Release|Any CPU.ActiveCfg = Release|Any CPU
		{B12929B4-AE6B-453A-AC55-0E0434709755}.Release|Any CPU.Build.0 = Release|Any CPU
	EndGlobalSection
	GlobalSection(SolutionProperties) = preSolution
		HideSolutionNode = FALSE
	EndGlobalSection
	GlobalSection(ExtensibilityGlobals) = postSolution
		SolutionGuid = {6996CDF7-DC6B-4D46-808E-566EB542F310}
	EndGlobalSection
EndGlobal
